// !$*UTF8*$!
{
	archiveVersion = 1;
	classes = {
	};
	objectVersion = 90;
	objects = {

/* Begin PBXBuildFile section */
		2E004FAA303C7E4C001DFDE0 /* PebbleKit in Frameworks */ = {isa = PBXBuildFile; productRef = 2E004FA9303C7E4C001DFDE0 /* PebbleKit */; };
		2EAC477D3069B3B40030043E /* NotificationKeyExchange.appex in Embed ExtensionKit Extensions */ = {isa = PBXBuildFile; fileRef = 2EAC47763069B3B40030043E /* NotificationKeyExchange.appex */; platformFilter = ios; settings = {ATTRIBUTES = (RemoveHeadersOnCopy, ); }; };
		2EAC478E3069B3CD0030043E /* NotificationTransport.appex in Embed ExtensionKit Extensions */ = {isa = PBXBuildFile; fileRef = 2EAC47873069B3CD0030043E /* NotificationTransport.appex */; platformFilter = ios; settings = {ATTRIBUTES = (RemoveHeadersOnCopy, ); }; };
		2EAC479E3069B3CD0030043E /* NotificationProvider.appex in Embed ExtensionKit Extensions */ = {isa = PBXBuildFile; fileRef = 2EAC47973069B3CD0030043E /* NotificationProvider.appex */; platformFilter = ios; settings = {ATTRIBUTES = (RemoveHeadersOnCopy, ); }; };
		2EAC47A23069B3F00030043E /* PebbleForwarding in Frameworks */ = {isa = PBXBuildFile; productRef = 2EAC47A13069B3F00030043E /* PebbleForwarding */; };
		2EAC47A43069B3F00030043E /* PebbleForwarding in Frameworks */ = {isa = PBXBuildFile; productRef = 2EAC47A33069B3F00030043E /* PebbleForwarding */; };
		2EAC47A63069B3F00030043E /* PebbleForwarding in Frameworks */ = {isa = PBXBuildFile; productRef = 2EAC47A53069B3F00030043E /* PebbleForwarding */; };
/* End PBXBuildFile section */

/* Begin PBXContainerItemProxy section */
		2EAC477B3069B3B40030043E /* PBXContainerItemProxy */ = {
			isa = PBXContainerItemProxy;
			containerPortal = 000000000000000000000000 /* Project object */;
			proxyType = 1;
			remoteGlobalIDString = 2EAC47753069B3B40030043E;
			remoteInfo = NotificationKeyExchange;
		};
		2EAC478C3069B3CD0030043E /* PBXContainerItemProxy */ = {
			isa = PBXContainerItemProxy;
			containerPortal = 000000000000000000000000 /* Project object */;
			proxyType = 1;
			remoteGlobalIDString = 2EAC47863069B3CD0030043E;
			remoteInfo = NotificationTransport;
		};
		2EAC479C3069B3CD0030043E /* PBXContainerItemProxy */ = {
			isa = PBXContainerItemProxy;
			containerPortal = 000000000000000000000000 /* Project object */;
			proxyType = 1;
			remoteGlobalIDString = 2EAC47963069B3CD0030043E;
			remoteInfo = NotificationProvider;
		};
/* End PBXContainerItemProxy section */

/* Begin PBXCopyFilesBuildPhase section */
		2EAC477E3069B3B40030043E /* Embed ExtensionKit Extensions */ = {
			isa = PBXCopyFilesBuildPhase;
			dstPath = "$(EXTENSIONS_FOLDER_PATH)";
			dstSubfolder = Product;
			files = (
				2EAC479E3069B3CD0030043E /* NotificationProvider.appex in Embed ExtensionKit Extensions */,
				2EAC477D3069B3B40030043E /* NotificationKeyExchange.appex in Embed ExtensionKit Extensions */,
				2EAC478E3069B3CD0030043E /* NotificationTransport.appex in Embed ExtensionKit Extensions */,
			);
			name = "Embed ExtensionKit Extensions";
		};
/* End PBXCopyFilesBuildPhase section */

/* Begin PBXFileReference section */
		000000000000000000000120 /* Pebble.app */ = {isa = PBXFileReference; explicitFileType = wrapper.application; includeInIndex = 0; path = Pebble.app; sourceTree = BUILT_PRODUCTS_DIR; };
		2E004FA7303C7E3A001DFDE0 /* PebbleKit */ = {isa = PBXFileReference; lastKnownFileType = wrapper; path = PebbleKit; sourceTree = "<group>"; };
		2EAC47763069B3B40030043E /* NotificationKeyExchange.appex */ = {isa = PBXFileReference; explicitFileType = "wrapper.extensionkit-extension"; includeInIndex = 0; path = NotificationKeyExchange.appex; sourceTree = BUILT_PRODUCTS_DIR; };
		2EAC47873069B3CD0030043E /* NotificationTransport.appex */ = {isa = PBXFileReference; explicitFileType = "wrapper.extensionkit-extension"; includeInIndex = 0; path = NotificationTransport.appex; sourceTree = BUILT_PRODUCTS_DIR; };
		2EAC47973069B3CD0030043E /* NotificationProvider.appex */ = {isa = PBXFileReference; explicitFileType = "wrapper.extensionkit-extension"; includeInIndex = 0; path = NotificationProvider.appex; sourceTree = BUILT_PRODUCTS_DIR; };
/* End PBXFileReference section */

/* Begin PBXFileSystemSynchronizedBuildFileExceptionSet section */
		2E7990F3303C863E00617DB2 /* Exceptions for "Pebble" folder in "Pebble" target */ = {
			isa = PBXFileSystemSynchronizedBuildFileExceptionSet;
			membershipExceptions = (
				Info.plist,
			);
			target = 000000000000000100000000 /* Pebble */;
		};
		2EAC47823069B3B40030043E /* Exceptions for "NotificationKeyExchange" folder in "NotificationKeyExchange" target */ = {
			isa = PBXFileSystemSynchronizedBuildFileExceptionSet;
			membershipExceptions = (
				Info.plist,
			);
			target = 2EAC47753069B3B40030043E /* NotificationKeyExchange */;
		};
		2EAC47923069B3CD0030043E /* Exceptions for "NotificationTransport" folder in "NotificationTransport" target */ = {
			isa = PBXFileSystemSynchronizedBuildFileExceptionSet;
			membershipExceptions = (
				Info.plist,
			);
			target = 2EAC47863069B3CD0030043E /* NotificationTransport */;
		};
		2EAC47A23069B3CD0030043E /* Exceptions for "NotificationProvider" folder in "NotificationProvider" target */ = {
			isa = PBXFileSystemSynchronizedBuildFileExceptionSet;
			membershipExceptions = (
				Info.plist,
			);
			target = 2EAC47963069B3CD0030043E /* NotificationProvider */;
		};
/* End PBXFileSystemSynchronizedBuildFileExceptionSet section */

/* Begin PBXFileSystemSynchronizedRootGroup section */
		000000000000000000000010 /* Pebble */ = {
			isa = PBXFileSystemSynchronizedRootGroup;
			exceptions = (
				2E7990F3303C863E00617DB2 /* Exceptions for "Pebble" folder in "Pebble" target */,
			);
			path = Pebble;
			sourceTree = "<group>";
		};
		2EAC47773069B3B40030043E /* NotificationKeyExchange */ = {
			isa = PBXFileSystemSynchronizedRootGroup;
			exceptions = (
				2EAC47823069B3B40030043E /* Exceptions for "NotificationKeyExchange" folder in "NotificationKeyExchange" target */,
			);
			path = NotificationKeyExchange;
			sourceTree = "<group>";
		};
		2EAC47883069B3CD0030043E /* NotificationTransport */ = {
			isa = PBXFileSystemSynchronizedRootGroup;
			exceptions = (
				2EAC47923069B3CD0030043E /* Exceptions for "NotificationTransport" folder in "NotificationTransport" target */,
			);
			path = NotificationTransport;
			sourceTree = "<group>";
		};
		2EAC47983069B3CD0030043E /* NotificationProvider */ = {
			isa = PBXFileSystemSynchronizedRootGroup;
			exceptions = (
				2EAC47A23069B3CD0030043E /* Exceptions for "NotificationProvider" folder in "NotificationProvider" target */,
			);
			path = NotificationProvider;
			sourceTree = "<group>";
		};
/* End PBXFileSystemSynchronizedRootGroup section */

/* Begin PBXFrameworksBuildPhase section */
		000000000000000130000000 /* Frameworks */ = {
			isa = PBXFrameworksBuildPhase;
			files = (
				2E004FAA303C7E4C001DFDE0 /* PebbleKit in Frameworks */,
			);
		};
		2EAC47733069B3B40030043E /* Frameworks */ = {
			isa = PBXFrameworksBuildPhase;
			files = (
				2EAC47A23069B3F00030043E /* PebbleForwarding in Frameworks */,
			);
		};
		2EAC47843069B3CD0030043E /* Frameworks */ = {
			isa = PBXFrameworksBuildPhase;
			files = (
				2EAC47A43069B3F00030043E /* PebbleForwarding in Frameworks */,
			);
		};
		2EAC47943069B3CD0030043E /* Frameworks */ = {
			isa = PBXFrameworksBuildPhase;
			files = (
				2EAC47A63069B3F00030043E /* PebbleForwarding in Frameworks */,
			);
		};
/* End PBXFrameworksBuildPhase section */

/* Begin PBXGroup section */
		000000000000000000000001 = {
			isa = PBXGroup;
			children = (
				2E004FA7303C7E3A001DFDE0 /* PebbleKit */,
				000000000000000000000010 /* Pebble */,
				2EAC47773069B3B40030043E /* NotificationKeyExchange */,
				2EAC47883069B3CD0030043E /* NotificationTransport */,
				2EAC47983069B3CD0030043E /* NotificationProvider */,
				2E004FA8303C7E4C001DFDE0 /* Frameworks */,
				000000000000000000000020 /* Products */,
			);
			sourceTree = "<group>";
		};
		000000000000000000000020 /* Products */ = {
			isa = PBXGroup;
			children = (
				000000000000000000000120 /* Pebble.app */,
				2EAC47763069B3B40030043E /* NotificationKeyExchange.appex */,
				2EAC47873069B3CD0030043E /* NotificationTransport.appex */,
				2EAC47973069B3CD0030043E /* NotificationProvider.appex */,
			);
			name = Products;
			sourceTree = "<group>";
		};
		2E004FA8303C7E4C001DFDE0 /* Frameworks */ = {
			isa = PBXGroup;
			children = (
			);
			name = Frameworks;
			sourceTree = "<group>";
		};
/* End PBXGroup section */

/* Begin PBXNativeTarget section */
		000000000000000100000000 /* Pebble */ = {
			isa = PBXNativeTarget;
			buildConfigurationList = 000000000000000110000000 /* Build configuration list for PBXNativeTarget "Pebble" */;
			buildPhases = (
				000000000000000120000000 /* Sources */,
				000000000000000130000000 /* Frameworks */,
				000000000000000140000000 /* Resources */,
				2EAC477E3069B3B40030043E /* Embed ExtensionKit Extensions */,
			);
			buildRules = (
			);
			dependencies = (
				2EAC477C3069B3B40030043E /* PBXTargetDependency */,
				2EAC478D3069B3CD0030043E /* PBXTargetDependency */,
				2EAC479D3069B3CD0030043E /* PBXTargetDependency */,
			);
			fileSystemSynchronizedGroups = (
				000000000000000000000010 /* Pebble */,
			);
			name = Pebble;
			packageProductDependencies = (
				2E004FA9303C7E4C001DFDE0 /* PebbleKit */,
			);
			productName = MyApp;
			productReference = 000000000000000000000120 /* Pebble.app */;
			productType = "com.apple.product-type.application";
		};
		2EAC47753069B3B40030043E /* NotificationKeyExchange */ = {
			isa = PBXNativeTarget;
			buildConfigurationList = 2EAC47813069B3B40030043E /* Build configuration list for PBXNativeTarget "NotificationKeyExchange" */;
			buildPhases = (
				2EAC47723069B3B40030043E /* Sources */,
				2EAC47733069B3B40030043E /* Frameworks */,
				2EAC47743069B3B40030043E /* Resources */,
			);
			buildRules = (
			);
			fileSystemSynchronizedGroups = (
				2EAC47773069B3B40030043E /* NotificationKeyExchange */,
			);
			name = NotificationKeyExchange;
			packageProductDependencies = (
				2EAC47A13069B3F00030043E /* PebbleForwarding */,
			);
			productName = NotificationKeyExchange;
			productReference = 2EAC47763069B3B40030043E /* NotificationKeyExchange.appex */;
			productType = "com.apple.product-type.extensionkit-extension";
		};
		2EAC47863069B3CD0030043E /* NotificationTransport */ = {
			isa = PBXNativeTarget;
			buildConfigurationList = 2EAC478F3069B3CD0030043E /* Build configuration list for PBXNativeTarget "NotificationTransport" */;
			buildPhases = (
				2EAC47833069B3CD0030043E /* Sources */,
				2EAC47843069B3CD0030043E /* Frameworks */,
				2EAC47853069B3CD0030043E /* Resources */,
			);
			buildRules = (
			);
			fileSystemSynchronizedGroups = (
				2EAC47883069B3CD0030043E /* NotificationTransport */,
			);
			name = NotificationTransport;
			packageProductDependencies = (
				2EAC47A33069B3F00030043E /* PebbleForwarding */,
			);
			productName = NotificationTransport;
			productReference = 2EAC47873069B3CD0030043E /* NotificationTransport.appex */;
			productType = "com.apple.product-type.extensionkit-extension";
		};
		2EAC47963069B3CD0030043E /* NotificationProvider */ = {
			isa = PBXNativeTarget;
			buildConfigurationList = 2EAC479F3069B3CD0030043E /* Build configuration list for PBXNativeTarget "NotificationProvider" */;
			buildPhases = (
				2EAC47933069B3CD0030043E /* Sources */,
				2EAC47943069B3CD0030043E /* Frameworks */,
				2EAC47953069B3CD0030043E /* Resources */,
			);
			buildRules = (
			);
			fileSystemSynchronizedGroups = (
				2EAC47983069B3CD0030043E /* NotificationProvider */,
			);
			name = NotificationProvider;
			packageProductDependencies = (
				2EAC47A53069B3F00030043E /* PebbleForwarding */,
			);
			productName = NotificationProvider;
			productReference = 2EAC47973069B3CD0030043E /* NotificationProvider.appex */;
			productType = "com.apple.product-type.extensionkit-extension";
		};
/* End PBXNativeTarget section */

/* Begin PBXProject section */
		000000000000000000000000 /* Project object */ = {
			isa = PBXProject;
			attributes = {
				BuildIndependentTargetsInParallel = 1;
				LastSwiftUpdateCheck = 2710;
				LastUpgradeCheck = 2700;
				TargetAttributes = {
					000000000000000100000000 = {
						CreatedOnToolsVersion = 26.3;
					};
					2EAC47753069B3B40030043E = {
						CreatedOnToolsVersion = 27.1;
					};
					2EAC47863069B3CD0030043E = {
						CreatedOnToolsVersion = 27.1;
					};
					2EAC47963069B3CD0030043E = {
						CreatedOnToolsVersion = 27.1;
					};
				};
			};
			buildConfigurationList = 000000000000000010000000 /* Build configuration list for PBXProject "Pebble" */;
			developmentRegion = en;
			hasScannedForEncodings = 0;
			knownRegions = (
				en,
				Base,
				ja,
			);
			mainGroup = 000000000000000000000001;
			minimizedProjectReferenceProxies = 1;
			preferredProjectObjectVersion = 90;
			productRefGroup = 000000000000000000000020 /* Products */;
			projectDirPath = "";
			projectRoot = "";
			targets = (
				000000000000000100000000 /* Pebble */,
				2EAC47753069B3B40030043E /* NotificationKeyExchange */,
				2EAC47863069B3CD0030043E /* NotificationTransport */,
				2EAC47963069B3CD0030043E /* NotificationProvider */,
			);
		};
/* End PBXProject section */

/* Begin PBXResourcesBuildPhase section */
		000000000000000140000000 /* Resources */ = {
			isa = PBXResourcesBuildPhase;
			files = (
			);
		};
		2EAC47743069B3B40030043E /* Resources */ = {
			isa = PBXResourcesBuildPhase;
			files = (
			);
		};
		2EAC47853069B3CD0030043E /* Resources */ = {
			isa = PBXResourcesBuildPhase;
			files = (
			);
		};
		2EAC47953069B3CD0030043E /* Resources */ = {
			isa = PBXResourcesBuildPhase;
			files = (
			);
		};
/* End PBXResourcesBuildPhase section */

/* Begin PBXSourcesBuildPhase section */
		000000000000000120000000 /* Sources */ = {
			isa = PBXSourcesBuildPhase;
			files = (
			);
		};
		2EAC47723069B3B40030043E /* Sources */ = {
			isa = PBXSourcesBuildPhase;
			files = (
			);
		};
		2EAC47833069B3CD0030043E /* Sources */ = {
			isa = PBXSourcesBuildPhase;
			files = (
			);
		};
		2EAC47933069B3CD0030043E /* Sources */ = {
			isa = PBXSourcesBuildPhase;
			files = (
			);
		};
/* End PBXSourcesBuildPhase section */

/* Begin PBXTargetDependency section */
		2EAC477C3069B3B40030043E /* PBXTargetDependency */ = {
			isa = PBXTargetDependency;
			platformFilter = ios;
			target = 2EAC47753069B3B40030043E /* NotificationKeyExchange */;
			targetProxy = 2EAC477B3069B3B40030043E /* PBXContainerItemProxy */;
		};
		2EAC478D3069B3CD0030043E /* PBXTargetDependency */ = {
			isa = PBXTargetDependency;
			platformFilter = ios;
			target = 2EAC47863069B3CD0030043E /* NotificationTransport */;
			targetProxy = 2EAC478C3069B3CD0030043E /* PBXContainerItemProxy */;
		};
		2EAC479D3069B3CD0030043E /* PBXTargetDependency */ = {
			isa = PBXTargetDependency;
			platformFilter = ios;
			target = 2EAC47963069B3CD0030043E /* NotificationProvider */;
			targetProxy = 2EAC479C3069B3CD0030043E /* PBXContainerItemProxy */;
		};
/* End PBXTargetDependency section */

/* Begin XCBuildConfiguration section */
		000000000000000011000000 /* Debug configuration for PBXProject "Pebble" */ = {
			isa = XCBuildConfiguration;
			buildSettings = {
				ALWAYS_SEARCH_USER_PATHS = NO;
				APPLETVOS_DEPLOYMENT_TARGET = 27.0;
				ASSETCATALOG_COMPILER_GENERATE_SWIFT_ASSET_SYMBOL_EXTENSIONS = YES;
				CLANG_ANALYZER_NONNULL = YES;
				CLANG_ANALYZER_NUMBER_OBJECT_CONVERSION = YES_AGGRESSIVE;
				CLANG_CXX_LANGUAGE_STANDARD = "gnu++20";
				CLANG_ENABLE_MODULES = YES;
				CLANG_ENABLE_OBJC_ARC = YES;
				CLANG_ENABLE_OBJC_WEAK = YES;
				CLANG_WARN_BLOCK_CAPTURE_AUTORELEASING = YES;
				CLANG_WARN_BOOL_CONVERSION = YES;
				CLANG_WARN_COMMA = YES;
				CLANG_WARN_CONSTANT_CONVERSION = YES;
				CLANG_WARN_DEPRECATED_OBJC_IMPLEMENTATIONS = YES;
				CLANG_WARN_DIRECT_OBJC_ISA_USAGE = YES_ERROR;
				CLANG_WARN_DOCUMENTATION_COMMENTS = YES;
				CLANG_WARN_EMPTY_BODY = YES;
				CLANG_WARN_ENUM_CONVERSION = YES;
				CLANG_WARN_INFINITE_RECURSION = YES;
				CLANG_WARN_INT_CONVERSION = YES;
				CLANG_WARN_NON_LITERAL_NULL_CONVERSION = YES;
				CLANG_WARN_OBJC_IMPLICIT_RETAIN_SELF = YES;
				CLANG_WARN_OBJC_LITERAL_CONVERSION = YES;
				CLANG_WARN_OBJC_ROOT_CLASS = YES_ERROR;
				CLANG_WARN_QUOTED_INCLUDE_IN_FRAMEWORK_HEADER = YES;
				CLANG_WARN_RANGE_LOOP_ANALYSIS = YES;
				CLANG_WARN_STRICT_PROTOTYPES = YES;
				CLANG_WARN_SUSPICIOUS_MOVE = YES;
				CLANG_WARN_UNGUARDED_AVAILABILITY = YES_AGGRESSIVE;
				CLANG_WARN_UNREACHABLE_CODE = YES;
				CLANG_WARN__DUPLICATE_METHOD_MATCH = YES;
				COPY_PHASE_STRIP = NO;
				DEAD_CODE_STRIPPING = YES;
				DEBUG_INFORMATION_FORMAT = dwarf;
				DRIVERKIT_DEPLOYMENT_TARGET = 27.0;
				ENABLE_ENHANCED_SECURITY = YES;
				ENABLE_STRICT_OBJC_MSGSEND = YES;
				ENABLE_TESTABILITY = YES;
				ENABLE_USER_SCRIPT_SANDBOXING = YES;
				GCC_C_LANGUAGE_STANDARD = gnu17;
				GCC_DYNAMIC_NO_PIC = NO;
				GCC_NO_COMMON_BLOCKS = YES;
				GCC_OPTIMIZATION_LEVEL = 0;
				GCC_PREPROCESSOR_DEFINITIONS = (
					"DEBUG=1",
					"$(inherited)",
				);
				GCC_WARN_64_TO_32_BIT_CONVERSION = YES;
				GCC_WARN_ABOUT_RETURN_TYPE = YES_ERROR;
				GCC_WARN_UNDECLARED_SELECTOR = YES;
				GCC_WARN_UNINITIALIZED_AUTOS = YES_AGGRESSIVE;
				GCC_WARN_UNUSED_FUNCTION = YES;
				GCC_WARN_UNUSED_VARIABLE = YES;
				IPHONEOS_DEPLOYMENT_TARGET = 27.0;
				LOCALIZATION_PREFERS_STRING_CATALOGS = YES;
				MACOSX_DEPLOYMENT_TARGET = 27.0;
				MTL_ENABLE_DEBUG_INFO = INCLUDE_SOURCE;
				MTL_FAST_MATH = YES;
				ONLY_ACTIVE_ARCH = YES;
				PROJECT_UNIQUE_VALUE = AFOJ42AQ;
				STRING_CATALOG_GENERATE_SYMBOLS = YES;
				SWIFT_ACTIVE_COMPILATION_CONDITIONS = "DEBUG $(inherited)";
				SWIFT_OPTIMIZATION_LEVEL = "-Onone";
				WATCHOS_DEPLOYMENT_TARGET = 27.0;
				XROS_DEPLOYMENT_TARGET = 27.0;
			};
			name = Debug;
		};
		000000000000000012000000 /* Release configuration for PBXProject "Pebble" */ = {
			isa = XCBuildConfiguration;
			buildSettings = {
				ALWAYS_SEARCH_USER_PATHS = NO;
				APPLETVOS_DEPLOYMENT_TARGET = 27.0;
				ASSETCATALOG_COMPILER_GENERATE_SWIFT_ASSET_SYMBOL_EXTENSIONS = YES;
				CLANG_ANALYZER_NONNULL = YES;
				CLANG_ANALYZER_NUMBER_OBJECT_CONVERSION = YES_AGGRESSIVE;
				CLANG_CXX_LANGUAGE_STANDARD = "gnu++20";
				CLANG_ENABLE_MODULES = YES;
				CLANG_ENABLE_OBJC_ARC = YES;
				CLANG_ENABLE_OBJC_WEAK = YES;
				CLANG_WARN_BLOCK_CAPTURE_AUTORELEASING = YES;
				CLANG_WARN_BOOL_CONVERSION = YES;
				CLANG_WARN_COMMA = YES;
				CLANG_WARN_CONSTANT_CONVERSION = YES;
				CLANG_WARN_DEPRECATED_OBJC_IMPLEMENTATIONS = YES;
				CLANG_WARN_DIRECT_OBJC_ISA_USAGE = YES_ERROR;
				CLANG_WARN_DOCUMENTATION_COMMENTS = YES;
				CLANG_WARN_EMPTY_BODY = YES;
				CLANG_WARN_ENUM_CONVERSION = YES;
				CLANG_WARN_INFINITE_RECURSION = YES;
				CLANG_WARN_INT_CONVERSION = YES;
				CLANG_WARN_NON_LITERAL_NULL_CONVERSION = YES;
				CLANG_WARN_OBJC_IMPLICIT_RETAIN_SELF = YES;
				CLANG_WARN_OBJC_LITERAL_CONVERSION = YES;
				CLANG_WARN_OBJC_ROOT_CLASS = YES_ERROR;
				CLANG_WARN_QUOTED_INCLUDE_IN_FRAMEWORK_HEADER = YES;
				CLANG_WARN_RANGE_LOOP_ANALYSIS = YES;
				CLANG_WARN_STRICT_PROTOTYPES = YES;
				CLANG_WARN_SUSPICIOUS_MOVE = YES;
				CLANG_WARN_UNGUARDED_AVAILABILITY = YES_AGGRESSIVE;
				CLANG_WARN_UNREACHABLE_CODE = YES;
				CLANG_WARN__DUPLICATE_METHOD_MATCH = YES;
				COPY_PHASE_STRIP = NO;
				DEAD_CODE_STRIPPING = YES;
				DEBUG_INFORMATION_FORMAT = "dwarf-with-dsym";
				DRIVERKIT_DEPLOYMENT_TARGET = 27.0;
				ENABLE_ENHANCED_SECURITY = YES;
				ENABLE_NS_ASSERTIONS = NO;
				ENABLE_STRICT_OBJC_MSGSEND = YES;
				ENABLE_USER_SCRIPT_SANDBOXING = YES;
				GCC_C_LANGUAGE_STANDARD = gnu17;
				GCC_NO_COMMON_BLOCKS = YES;
				GCC_WARN_64_TO_32_BIT_CONVERSION = YES;
				GCC_WARN_ABOUT_RETURN_TYPE = YES_ERROR;
				GCC_WARN_UNDECLARED_SELECTOR = YES;
				GCC_WARN_UNINITIALIZED_AUTOS = YES_AGGRESSIVE;
				GCC_WARN_UNUSED_FUNCTION = YES;
				GCC_WARN_UNUSED_VARIABLE = YES;
				IPHONEOS_DEPLOYMENT_TARGET = 27.0;
				LOCALIZATION_PREFERS_STRING_CATALOGS = YES;
				MACOSX_DEPLOYMENT_TARGET = 27.0;
				MTL_ENABLE_DEBUG_INFO = NO;
				MTL_FAST_MATH = YES;
				PROJECT_UNIQUE_VALUE = AFOJ42AQ;
				STRING_CATALOG_GENERATE_SYMBOLS = YES;
				SWIFT_COMPILATION_MODE = wholemodule;
				WATCHOS_DEPLOYMENT_TARGET = 27.0;
				XROS_DEPLOYMENT_TARGET = 27.0;
			};
			name = Release;
		};
		000000000000000111000000 /* Debug configuration for PBXNativeTarget "Pebble" */ = {
			isa = XCBuildConfiguration;
			buildSettings = {
				CODE_SIGN_ENTITLEMENTS = Pebble/Pebble.entitlements;
				CODE_SIGN_STYLE = Automatic;
				CURRENT_PROJECT_VERSION = 1;
				DEVELOPMENT_TEAM = PU5HXZ4FZ2;
				ENABLE_APP_SANDBOX = YES;
				ENABLE_ENHANCED_SECURITY = NO;
				ENABLE_INCOMING_NETWORK_CONNECTIONS = NO;
				ENABLE_OUTGOING_NETWORK_CONNECTIONS = YES;
				ENABLE_PREVIEWS = YES;
				ENABLE_RESOURCE_ACCESS_AUDIO_INPUT = NO;
				ENABLE_RESOURCE_ACCESS_BLUETOOTH = YES;
				ENABLE_RESOURCE_ACCESS_CALENDARS = YES;
				ENABLE_RESOURCE_ACCESS_CAMERA = NO;
				ENABLE_RESOURCE_ACCESS_CONTACTS = NO;
				ENABLE_RESOURCE_ACCESS_LOCATION = YES;
				ENABLE_RESOURCE_ACCESS_PRINTING = NO;
				ENABLE_RESOURCE_ACCESS_USB = NO;
				ENABLE_USER_SELECTED_FILES = readonly;
				GENERATE_INFOPLIST_FILE = YES;
				INFOPLIST_FILE = Pebble/Info.plist;
				INFOPLIST_KEY_NSAppleEventsUsageDescription = "Pebble asks the Music app what is playing so your watch can show it and control it.";
				INFOPLIST_KEY_NSAppleMusicUsageDescription = "Pebble shows the current song on your watch and lets it control playback.";
				INFOPLIST_KEY_NSBluetoothAlwaysUsageDescription = "Pebble uses Bluetooth to find, connect to, and synchronize with your watch.";
				INFOPLIST_KEY_NSCalendarsFullAccessUsageDescription = "Pebble synchronizes upcoming calendar events to your watch timeline.";
				INFOPLIST_KEY_NSHealthShareUsageDescription = "Pebble reads steps, sleep, energy, distance and exercise minutes so your watch can show the day it has not counted itself.";
				INFOPLIST_KEY_NSHealthUpdateUsageDescription = "Pebble saves watch steps and sleep data to your Health data when you choose to synchronize.";
				INFOPLIST_KEY_NSLocationWhenInUseUsageDescription = "Pebble reads your position only to fetch the weather it sends to your watch.";
				INFOPLIST_KEY_NSRemindersFullAccessUsageDescription = "Pebble sends your reminders to the watch, and adds the ones you make on the watch back here.";
				INFOPLIST_KEY_NSSpeechRecognitionUsageDescription = "Turns what you say to your watch into words. The recording never leaves this phone.";
				"INFOPLIST_KEY_UIApplicationSceneManifest_Generation[sdk=iphoneos*]" = YES;
				"INFOPLIST_KEY_UIApplicationSceneManifest_Generation[sdk=iphonesimulator*]" = YES;
				"INFOPLIST_KEY_UIApplicationSupportsIndirectInputEvents[sdk=iphoneos*]" = YES;
				"INFOPLIST_KEY_UIApplicationSupportsIndirectInputEvents[sdk=iphonesimulator*]" = YES;
				"INFOPLIST_KEY_UILaunchScreen_Generation[sdk=iphoneos*]" = YES;
				"INFOPLIST_KEY_UILaunchScreen_Generation[sdk=iphonesimulator*]" = YES;
				"INFOPLIST_KEY_UIStatusBarStyle[sdk=iphoneos*]" = UIStatusBarStyleDefault;
				"INFOPLIST_KEY_UIStatusBarStyle[sdk=iphonesimulator*]" = UIStatusBarStyleDefault;
				INFOPLIST_KEY_UISupportedInterfaceOrientations_iPad = "UIInterfaceOrientationPortrait UIInterfaceOrientationPortraitUpsideDown UIInterfaceOrientationLandscapeLeft UIInterfaceOrientationLandscapeRight";
				INFOPLIST_KEY_UISupportedInterfaceOrientations_iPhone = "UIInterfaceOrientationPortrait UIInterfaceOrientationLandscapeLeft UIInterfaceOrientationLandscapeRight";
				LD_RUNPATH_SEARCH_PATHS = "@executable_path/Frameworks";
				"LD_RUNPATH_SEARCH_PATHS[sdk=macosx*]" = "@executable_path/../Frameworks";
				MARKETING_VERSION = 1.0;
				PRODUCT_BUNDLE_IDENTIFIER = com.zunda.Pebble;
				PRODUCT_NAME = "$(TARGET_NAME)";
				REGISTER_APP_GROUPS = YES;
				SDKROOT = auto;
				STRING_CATALOG_GENERATE_SYMBOLS = YES;
				SUPPORTED_PLATFORMS = "iphoneos iphonesimulator macosx xros xrsimulator";
				SWIFT_APPROACHABLE_CONCURRENCY = YES;
				SWIFT_DEFAULT_ACTOR_ISOLATION = MainActor;
				SWIFT_EMIT_LOC_STRINGS = YES;
				SWIFT_UPCOMING_FEATURE_MEMBER_IMPORT_VISIBILITY = YES;
				SWIFT_VERSION = 6.0;
				TARGETED_DEVICE_FAMILY = "1,2,7";
			};
			name = Debug;
		};
		000000000000000112000000 /* Release configuration for PBXNativeTarget "Pebble" */ = {
			isa = XCBuildConfiguration;
			buildSettings = {
				CODE_SIGN_ENTITLEMENTS = Pebble/Pebble.entitlements;
				CODE_SIGN_STYLE = Automatic;
				CURRENT_PROJECT_VERSION = 1;
				DEVELOPMENT_TEAM = PU5HXZ4FZ2;
				ENABLE_APP_SANDBOX = YES;
				ENABLE_ENHANCED_SECURITY = NO;
				ENABLE_INCOMING_NETWORK_CONNECTIONS = NO;
				ENABLE_OUTGOING_NETWORK_CONNECTIONS = YES;
				ENABLE_PREVIEWS = YES;
				ENABLE_RESOURCE_ACCESS_AUDIO_INPUT = NO;
				ENABLE_RESOURCE_ACCESS_BLUETOOTH = YES;
				ENABLE_RESOURCE_ACCESS_CALENDARS = YES;
				ENABLE_RESOURCE_ACCESS_CAMERA = NO;
				ENABLE_RESOURCE_ACCESS_CONTACTS = NO;
				ENABLE_RESOURCE_ACCESS_LOCATION = YES;
				ENABLE_RESOURCE_ACCESS_PRINTING = NO;
				ENABLE_RESOURCE_ACCESS_USB = NO;
				ENABLE_USER_SELECTED_FILES = readonly;
				GENERATE_INFOPLIST_FILE = YES;
				INFOPLIST_FILE = Pebble/Info.plist;
				INFOPLIST_KEY_NSAppleEventsUsageDescription = "Pebble asks the Music app what is playing so your watch can show it and control it.";
				INFOPLIST_KEY_NSAppleMusicUsageDescription = "Pebble shows the current song on your watch and lets it control playback.";
				INFOPLIST_KEY_NSBluetoothAlwaysUsageDescription = "Pebble uses Bluetooth to find, connect to, and synchronize with your watch.";
				INFOPLIST_KEY_NSCalendarsFullAccessUsageDescription = "Pebble synchronizes upcoming calendar events to your watch timeline.";
				INFOPLIST_KEY_NSHealthShareUsageDescription = "Pebble reads steps, sleep, energy, distance and exercise minutes so your watch can show the day it has not counted itself.";
				INFOPLIST_KEY_NSHealthUpdateUsageDescription = "Pebble saves watch steps and sleep data to your Health data when you choose to synchronize.";
				INFOPLIST_KEY_NSLocationWhenInUseUsageDescription = "Pebble reads your position only to fetch the weather it sends to your watch.";
				INFOPLIST_KEY_NSRemindersFullAccessUsageDescription = "Pebble sends your reminders to the watch, and adds the ones you make on the watch back here.";
				INFOPLIST_KEY_NSSpeechRecognitionUsageDescription = "Turns what you say to your watch into words. The recording never leaves this phone.";
				"INFOPLIST_KEY_UIApplicationSceneManifest_Generation[sdk=iphoneos*]" = YES;
				"INFOPLIST_KEY_UIApplicationSceneManifest_Generation[sdk=iphonesimulator*]" = YES;
				"INFOPLIST_KEY_UIApplicationSupportsIndirectInputEvents[sdk=iphoneos*]" = YES;
				"INFOPLIST_KEY_UIApplicationSupportsIndirectInputEvents[sdk=iphonesimulator*]" = YES;
				"INFOPLIST_KEY_UILaunchScreen_Generation[sdk=iphoneos*]" = YES;
				"INFOPLIST_KEY_UILaunchScreen_Generation[sdk=iphonesimulator*]" = YES;
				"INFOPLIST_KEY_UIStatusBarStyle[sdk=iphoneos*]" = UIStatusBarStyleDefault;
				"INFOPLIST_KEY_UIStatusBarStyle[sdk=iphonesimulator*]" = UIStatusBarStyleDefault;
				INFOPLIST_KEY_UISupportedInterfaceOrientations_iPad = "UIInterfaceOrientationPortrait UIInterfaceOrientationPortraitUpsideDown UIInterfaceOrientationLandscapeLeft UIInterfaceOrientationLandscapeRight";
				INFOPLIST_KEY_UISupportedInterfaceOrientations_iPhone = "UIInterfaceOrientationPortrait UIInterfaceOrientationLandscapeLeft UIInterfaceOrientationLandscapeRight";
				LD_RUNPATH_SEARCH_PATHS = "@executable_path/Frameworks";
				"LD_RUNPATH_SEARCH_PATHS[sdk=macosx*]" = "@executable_path/../Frameworks";
				MARKETING_VERSION = 1.0;
				PRODUCT_BUNDLE_IDENTIFIER = com.zunda.Pebble;
				PRODUCT_NAME = "$(TARGET_NAME)";
				REGISTER_APP_GROUPS = YES;
				SDKROOT = auto;
				STRING_CATALOG_GENERATE_SYMBOLS = YES;
				SUPPORTED_PLATFORMS = "iphoneos iphonesimulator macosx xros xrsimulator";
				SWIFT_APPROACHABLE_CONCURRENCY = YES;
				SWIFT_DEFAULT_ACTOR_ISOLATION = MainActor;
				SWIFT_EMIT_LOC_STRINGS = YES;
				SWIFT_UPCOMING_FEATURE_MEMBER_IMPORT_VISIBILITY = YES;
				SWIFT_VERSION = 6.0;
				TARGETED_DEVICE_FAMILY = "1,2,7";
			};
			name = Release;
		};
		2EAC477F3069B3B40030043E /* Debug configuration for PBXNativeTarget "NotificationKeyExchange" */ = {
			isa = XCBuildConfiguration;
			buildSettings = {
				CODE_SIGN_ENTITLEMENTS = NotificationKeyExchange/NotificationKeyExchange.entitlements;
				CODE_SIGN_STYLE = Automatic;
				CURRENT_PROJECT_VERSION = 1;
				DEVELOPMENT_TEAM = PU5HXZ4FZ2;
				ENABLE_APP_SANDBOX = YES;
				GENERATE_INFOPLIST_FILE = YES;
				INFOPLIST_FILE = NotificationKeyExchange/Info.plist;
				INFOPLIST_KEY_CFBundleDisplayName = NotificationKeyExchange;
				INFOPLIST_KEY_NSHumanReadableCopyright = "";
				IPHONEOS_DEPLOYMENT_TARGET = 27.0;
				LD_RUNPATH_SEARCH_PATHS = (
					"$(inherited)",
					"@executable_path/Frameworks",
					"@executable_path/../../Frameworks",
				);
				"LD_RUNPATH_SEARCH_PATHS[sdk=macosx*]" = (
					"$(inherited)",
					"@executable_path/../Frameworks",
					"@executable_path/../../../../Frameworks",
				);
				MACOSX_DEPLOYMENT_TARGET = 27.0;
				MARKETING_VERSION = 1.0;
				PRODUCT_BUNDLE_IDENTIFIER = com.zunda.Pebble.NotificationKeyExchange;
				PRODUCT_NAME = "$(TARGET_NAME)";
				SDKROOT = auto;
				SKIP_INSTALL = YES;
				STRING_CATALOG_GENERATE_SYMBOLS = YES;
				SUPPORTED_PLATFORMS = "iphoneos iphonesimulator";
				SWIFT_APPROACHABLE_CONCURRENCY = YES;
				SWIFT_EMIT_LOC_STRINGS = YES;
				SWIFT_UPCOMING_FEATURE_MEMBER_IMPORT_VISIBILITY = YES;
				SWIFT_VERSION = 6.0;
				TARGETED_DEVICE_FAMILY = "1,2";
				XROS_DEPLOYMENT_TARGET = 27.0;
			};
			name = Debug;
		};
		2EAC47803069B3B40030043E /* Release configuration for PBXNativeTarget "NotificationKeyExchange" */ = {
			isa = XCBuildConfiguration;
			buildSettings = {
				CODE_SIGN_ENTITLEMENTS = NotificationKeyExchange/NotificationKeyExchange.entitlements;
				CODE_SIGN_STYLE = Automatic;
				CURRENT_PROJECT_VERSION = 1;
				DEVELOPMENT_TEAM = PU5HXZ4FZ2;
				ENABLE_APP_SANDBOX = YES;
				GENERATE_INFOPLIST_FILE = YES;
				INFOPLIST_FILE = NotificationKeyExchange/Info.plist;
				INFOPLIST_KEY_CFBundleDisplayName = NotificationKeyExchange;
				INFOPLIST_KEY_NSHumanReadableCopyright = "";
				IPHONEOS_DEPLOYMENT_TARGET = 27.0;
				LD_RUNPATH_SEARCH_PATHS = (
					"$(inherited)",
					"@executable_path/Frameworks",
					"@executable_path/../../Frameworks",
				);
				"LD_RUNPATH_SEARCH_PATHS[sdk=macosx*]" = (
					"$(inherited)",
					"@executable_path/../Frameworks",
					"@executable_path/../../../../Frameworks",
				);
				MACOSX_DEPLOYMENT_TARGET = 27.0;
				MARKETING_VERSION = 1.0;
				PRODUCT_BUNDLE_IDENTIFIER = com.zunda.Pebble.NotificationKeyExchange;
				PRODUCT_NAME = "$(TARGET_NAME)";
				SDKROOT = auto;
				SKIP_INSTALL = YES;
				STRING_CATALOG_GENERATE_SYMBOLS = YES;
				SUPPORTED_PLATFORMS = "iphoneos iphonesimulator";
				SWIFT_APPROACHABLE_CONCURRENCY = YES;
				SWIFT_EMIT_LOC_STRINGS = YES;
				SWIFT_UPCOMING_FEATURE_MEMBER_IMPORT_VISIBILITY = YES;
				SWIFT_VERSION = 6.0;
				TARGETED_DEVICE_FAMILY = "1,2";
				XROS_DEPLOYMENT_TARGET = 27.0;
			};
			name = Release;
		};
		2EAC47903069B3CD0030043E /* Debug configuration for PBXNativeTarget "NotificationTransport" */ = {
			isa = XCBuildConfiguration;
			buildSettings = {
				CODE_SIGN_ENTITLEMENTS = NotificationTransport/NotificationTransport.entitlements;
				CODE_SIGN_STYLE = Automatic;
				CURRENT_PROJECT_VERSION = 1;
				DEVELOPMENT_TEAM = PU5HXZ4FZ2;
				ENABLE_APP_SANDBOX = YES;
				GENERATE_INFOPLIST_FILE = YES;
				INFOPLIST_FILE = NotificationTransport/Info.plist;
				INFOPLIST_KEY_CFBundleDisplayName = NotificationTransport;
				INFOPLIST_KEY_NSHumanReadableCopyright = "";
				IPHONEOS_DEPLOYMENT_TARGET = 27.0;
				LD_RUNPATH_SEARCH_PATHS = (
					"$(inherited)",
					"@executable_path/Frameworks",
					"@executable_path/../../Frameworks",
				);
				"LD_RUNPATH_SEARCH_PATHS[sdk=macosx*]" = (
					"$(inherited)",
					"@executable_path/../Frameworks",
					"@executable_path/../../../../Frameworks",
				);
				MACOSX_DEPLOYMENT_TARGET = 27.0;
				MARKETING_VERSION = 1.0;
				PRODUCT_BUNDLE_IDENTIFIER = com.zunda.Pebble.NotificationTransport;
				PRODUCT_NAME = "$(TARGET_NAME)";
				SDKROOT = auto;
				SKIP_INSTALL = YES;
				STRING_CATALOG_GENERATE_SYMBOLS = YES;
				SUPPORTED_PLATFORMS = "iphoneos iphonesimulator";
				SWIFT_APPROACHABLE_CONCURRENCY = YES;
				SWIFT_EMIT_LOC_STRINGS = YES;
				SWIFT_UPCOMING_FEATURE_MEMBER_IMPORT_VISIBILITY = YES;
				SWIFT_VERSION = 6.0;
				TARGETED_DEVICE_FAMILY = "1,2";
				XROS_DEPLOYMENT_TARGET = 27.0;
			};
			name = Debug;
		};
		2EAC47913069B3CD0030043E /* Release configuration for PBXNativeTarget "NotificationTransport" */ = {
			isa = XCBuildConfiguration;
			buildSettings = {
				CODE_SIGN_ENTITLEMENTS = NotificationTransport/NotificationTransport.entitlements;
				CODE_SIGN_STYLE = Automatic;
				CURRENT_PROJECT_VERSION = 1;
				DEVELOPMENT_TEAM = PU5HXZ4FZ2;
				ENABLE_APP_SANDBOX = YES;
				GENERATE_INFOPLIST_FILE = YES;
				INFOPLIST_FILE = NotificationTransport/Info.plist;
				INFOPLIST_KEY_CFBundleDisplayName = NotificationTransport;
				INFOPLIST_KEY_NSHumanReadableCopyright = "";
				IPHONEOS_DEPLOYMENT_TARGET = 27.0;
				LD_RUNPATH_SEARCH_PATHS = (
					"$(inherited)",
					"@executable_path/Frameworks",
					"@executable_path/../../Frameworks",
				);
				"LD_RUNPATH_SEARCH_PATHS[sdk=macosx*]" = (
					"$(inherited)",
					"@executable_path/../Frameworks",
					"@executable_path/../../../../Frameworks",
				);
				MACOSX_DEPLOYMENT_TARGET = 27.0;
				MARKETING_VERSION = 1.0;
				PRODUCT_BUNDLE_IDENTIFIER = com.zunda.Pebble.NotificationTransport;
				PRODUCT_NAME = "$(TARGET_NAME)";
				SDKROOT = auto;
				SKIP_INSTALL = YES;
				STRING_CATALOG_GENERATE_SYMBOLS = YES;
				SUPPORTED_PLATFORMS = "iphoneos iphonesimulator";
				SWIFT_APPROACHABLE_CONCURRENCY = YES;
				SWIFT_EMIT_LOC_STRINGS = YES;
				SWIFT_UPCOMING_FEATURE_MEMBER_IMPORT_VISIBILITY = YES;
				SWIFT_VERSION = 6.0;
				TARGETED_DEVICE_FAMILY = "1,2";
				XROS_DEPLOYMENT_TARGET = 27.0;
			};
			name = Release;
		};
		2EAC47A03069B3CD0030043E /* Debug configuration for PBXNativeTarget "NotificationProvider" */ = {
			isa = XCBuildConfiguration;
			buildSettings = {
				CODE_SIGN_ENTITLEMENTS = NotificationProvider/NotificationProvider.entitlements;
				CODE_SIGN_STYLE = Automatic;
				CURRENT_PROJECT_VERSION = 1;
				DEVELOPMENT_TEAM = PU5HXZ4FZ2;
				ENABLE_APP_SANDBOX = YES;
				GENERATE_INFOPLIST_FILE = YES;
				INFOPLIST_FILE = NotificationProvider/Info.plist;
				INFOPLIST_KEY_CFBundleDisplayName = NotificationProvider;
				INFOPLIST_KEY_NSHumanReadableCopyright = "";
				IPHONEOS_DEPLOYMENT_TARGET = 27.0;
				LD_RUNPATH_SEARCH_PATHS = (
					"$(inherited)",
					"@executable_path/Frameworks",
					"@executable_path/../../Frameworks",
				);
				"LD_RUNPATH_SEARCH_PATHS[sdk=macosx*]" = (
					"$(inherited)",
					"@executable_path/../Frameworks",
					"@executable_path/../../../../Frameworks",
				);
				MACOSX_DEPLOYMENT_TARGET = 27.0;
				MARKETING_VERSION = 1.0;
				PRODUCT_BUNDLE_IDENTIFIER = com.zunda.Pebble.NotificationProvider;
				PRODUCT_NAME = "$(TARGET_NAME)";
				SDKROOT = auto;
				SKIP_INSTALL = YES;
				STRING_CATALOG_GENERATE_SYMBOLS = YES;
				SUPPORTED_PLATFORMS = "iphoneos iphonesimulator";
				SWIFT_APPROACHABLE_CONCURRENCY = YES;
				SWIFT_EMIT_LOC_STRINGS = YES;
				SWIFT_UPCOMING_FEATURE_MEMBER_IMPORT_VISIBILITY = YES;
				SWIFT_VERSION = 6.0;
				TARGETED_DEVICE_FAMILY = "1,2";
				XROS_DEPLOYMENT_TARGET = 27.0;
			};
			name = Debug;
		};
		2EAC47A13069B3CD0030043E /* Release configuration for PBXNativeTarget "NotificationProvider" */ = {
			isa = XCBuildConfiguration;
			buildSettings = {
				CODE_SIGN_ENTITLEMENTS = NotificationProvider/NotificationProvider.entitlements;
				CODE_SIGN_STYLE = Automatic;
				CURRENT_PROJECT_VERSION = 1;
				DEVELOPMENT_TEAM = PU5HXZ4FZ2;
				ENABLE_APP_SANDBOX = YES;
				GENERATE_INFOPLIST_FILE = YES;
				INFOPLIST_FILE = NotificationProvider/Info.plist;
				INFOPLIST_KEY_CFBundleDisplayName = NotificationProvider;
				INFOPLIST_KEY_NSHumanReadableCopyright = "";
				IPHONEOS_DEPLOYMENT_TARGET = 27.0;
				LD_RUNPATH_SEARCH_PATHS = (
					"$(inherited)",
					"@executable_path/Frameworks",
					"@executable_path/../../Frameworks",
				);
				"LD_RUNPATH_SEARCH_PATHS[sdk=macosx*]" = (
					"$(inherited)",
					"@executable_path/../Frameworks",
					"@executable_path/../../../../Frameworks",
				);
				MACOSX_DEPLOYMENT_TARGET = 27.0;
				MARKETING_VERSION = 1.0;
				PRODUCT_BUNDLE_IDENTIFIER = com.zunda.Pebble.NotificationProvider;
				PRODUCT_NAME = "$(TARGET_NAME)";
				SDKROOT = auto;
				SKIP_INSTALL = YES;
				STRING_CATALOG_GENERATE_SYMBOLS = YES;
				SUPPORTED_PLATFORMS = "iphoneos iphonesimulator";
				SWIFT_APPROACHABLE_CONCURRENCY = YES;
				SWIFT_EMIT_LOC_STRINGS = YES;
				SWIFT_UPCOMING_FEATURE_MEMBER_IMPORT_VISIBILITY = YES;
				SWIFT_VERSION = 6.0;
				TARGETED_DEVICE_FAMILY = "1,2";
				XROS_DEPLOYMENT_TARGET = 27.0;
			};
			name = Release;
		};
/* End XCBuildConfiguration section */

/* Begin XCConfigurationList section */
		000000000000000010000000 /* Build configuration list for PBXProject "Pebble" */ = {
			isa = XCConfigurationList;
			buildConfigurations = (
				000000000000000011000000 /* Debug configuration for PBXProject "Pebble" */,
				000000000000000012000000 /* Release configuration for PBXProject "Pebble" */,
			);
			defaultConfigurationName = Release;
		};
		000000000000000110000000 /* Build configuration list for PBXNativeTarget "Pebble" */ = {
			isa = XCConfigurationList;
			buildConfigurations = (
				000000000000000111000000 /* Debug configuration for PBXNativeTarget "Pebble" */,
				000000000000000112000000 /* Release configuration for PBXNativeTarget "Pebble" */,
			);
			defaultConfigurationName = Release;
		};
		2EAC47813069B3B40030043E /* Build configuration list for PBXNativeTarget "NotificationKeyExchange" */ = {
			isa = XCConfigurationList;
			buildConfigurations = (
				2EAC477F3069B3B40030043E /* Debug configuration for PBXNativeTarget "NotificationKeyExchange" */,
				2EAC47803069B3B40030043E /* Release configuration for PBXNativeTarget "NotificationKeyExchange" */,
			);
			defaultConfigurationName = Release;
		};
		2EAC478F3069B3CD0030043E /* Build configuration list for PBXNativeTarget "NotificationTransport" */ = {
			isa = XCConfigurationList;
			buildConfigurations = (
				2EAC47903069B3CD0030043E /* Debug configuration for PBXNativeTarget "NotificationTransport" */,
				2EAC47913069B3CD0030043E /* Release configuration for PBXNativeTarget "NotificationTransport" */,
			);
			defaultConfigurationName = Release;
		};
		2EAC479F3069B3CD0030043E /* Build configuration list for PBXNativeTarget "NotificationProvider" */ = {
			isa = XCConfigurationList;
			buildConfigurations = (
				2EAC47A03069B3CD0030043E /* Debug configuration for PBXNativeTarget "NotificationProvider" */,
				2EAC47A13069B3CD0030043E /* Release configuration for PBXNativeTarget "NotificationProvider" */,
			);
			defaultConfigurationName = Release;
		};
/* End XCConfigurationList section */

/* Begin XCSwiftPackageProductDependency section */
		2E004FA9303C7E4C001DFDE0 /* PebbleKit */ = {
			isa = XCSwiftPackageProductDependency;
			productName = PebbleKit;
		};
		2EAC47A13069B3F00030043E /* PebbleForwarding */ = {
			isa = XCSwiftPackageProductDependency;
			productName = PebbleForwarding;
		};
		2EAC47A33069B3F00030043E /* PebbleForwarding */ = {
			isa = XCSwiftPackageProductDependency;
			productName = PebbleForwarding;
		};
		2EAC47A53069B3F00030043E /* PebbleForwarding */ = {
			isa = XCSwiftPackageProductDependency;
			productName = PebbleForwarding;
		};
/* End XCSwiftPackageProductDependency section */
	};
	rootObject = 000000000000000000000000 /* Project object */;
}
